
Microsoft Visual Studio Solution File, Format Version 12.00
# Visual Studio 15
VisualStudioVersion = 15.0.28307.106
MinimumVisualStudioVersion = 10.0.40219.1
Project("{FAE04EC0-301F-11D3-BF4B-00C04F79EFBC}") = "PersonnelApp.Domains", "PersonnelApp.Domains\PersonnelApp.Domains.csproj", "{AF0FB870-C316-4E2C-B8FF-C74FB507CA89}"
EndProject
Global
	GlobalSection(SolutionConfigurationPlatforms) = preSolution
		Debug|Any CPU = Debug|Any CPU
		Release|Any CPU = Release|Any CPU
	EndGlobalSection
	GlobalSection(ProjectConfigurationPlatforms) = postSolution
		{AF0FB870-C316-4E2C-B8FF-C74FB507CA89}.Debug|Any CPU.ActiveCfg = Debug|Any CPU
		{AF0FB870-C316-4E2C-B8FF-C74FB507CA89}.Debug|Any CPU.Build.0 = Debug|Any CPU
		{AF0FB870-C316-4E2C-B8FF-C74FB507CA89}.Release|Any CPU.ActiveCfg = Release|Any CPU
		{AF0FB870-C316-4E2C-B8FF-C74FB507CA89}.Release|Any CPU.Build.0 = Release|Any CPU
	EndGlobalSection
	GlobalSection(SolutionProperties) = preSolution
		HideSolutionNode = FALSE
	EndGlobalSection
	GlobalSection(ExtensibilityGlobals) = postSolution
		SolutionGuid = {04E73B6C-2C02-4914-9E33-75C5D45C5D29}
	EndGlobalSection
EndGlobal
